
Microsoft Visual Studio Solution File, Format Version 12.00
# Visual Studio Version 16
VisualStudioVersion = 16.0.31205.134
MinimumVisualStudioVersion = 10.0.40219.1
Project("{FAE04EC0-301F-11D3-BF4B-00C04F79EFBC}") = "v0707", "v0707\v0707.csproj", "{C331E247-6847-49D0-B349-31910697BF3A}"
EndProject
Global
	GlobalSection(SolutionConfigurationPlatforms) = preSolution
		Debug|Any CPU = Debug|Any CPU
		Release|Any CPU = Release|Any CPU
	EndGlobalSection
	GlobalSection(ProjectConfigurationPlatforms) = postSolution
		{C331E247-6847-49D0-B349-31910697BF3A}.Debug|Any CPU.ActiveCfg = Debug|Any CPU
		{C331E247-6847-49D0-B349-31910697BF3A}.Debug|Any CPU.Build.0 = Debug|Any CPU
		{C331E247-6847-49D0-B349-31910697BF3A}.Release|Any CPU.ActiveCfg = Release|Any CPU
		{C331E247-6847-49D0-B349-31910697BF3A}.Release|Any CPU.Build.0 = Release|Any CPU
	EndGlobalSection
	GlobalSection(SolutionProperties) = preSolution
		HideSolutionNode = FALSE
	EndGlobalSection
	GlobalSection(ExtensibilityGlobals) = postSolution
		SolutionGuid = {467D51F6-6FB2-4DD6-B799-50573126B652}
	EndGlobalSection
EndGlobal
